
Microsoft Visual Studio Solution File, Format Version 12.00
# Visual Studio 2012
Project("{FAE04EC0-301F-11D3-BF4B-00C04F79EFBC}") = "GitStrings", "GitStrings\GitStrings.csproj", "{4F31BA5F-4C94-4300-9EB1-03E8BCE6EDD4}"
EndProject
Project("{FAE04EC0-301F-11D3-BF4B-00C04F79EFBC}") = "GitResources", "GitResources\GitResources.csproj", "{89F7C667-3A08-49E0-811E-760EB4CF99FA}"
EndProject
Global
	GlobalSection(SolutionConfigurationPlatforms) = preSolution
		Debug|Any CPU = Debug|Any CPU
		Release|Any CPU = Release|Any CPU
	EndGlobalSection
	GlobalSection(ProjectConfigurationPlatforms) = postSolution
		{4F31BA5F-4C94-4300-9EB1-03E8BCE6EDD4}.Debug|Any CPU.ActiveCfg = Debug|Any CPU
		{4F31BA5F-4C94-4300-9EB1-03E8BCE6EDD4}.Debug|Any CPU.Build.0 = Debug|Any CPU
		{4F31BA5F-4C94-4300-9EB1-03E8BCE6EDD4}.Release|Any CPU.ActiveCfg = Release|Any CPU
		{4F31BA5F-4C94-4300-9EB1-03E8BCE6EDD4}.Release|Any CPU.Build.0 = Release|Any CPU
		{89F7C667-3A08-49E0-811E-760EB4CF99FA}.Debug|Any CPU.ActiveCfg = Debug|Any CPU
		{89F7C667-3A08-49E0-811E-760EB4CF99FA}.Debug|Any CPU.Build.0 = Debug|Any CPU
		{89F7C667-3A08-49E0-811E-760EB4CF99FA}.Release|Any CPU.ActiveCfg = Release|Any CPU
		{89F7C667-3A08-49E0-811E-760EB4CF99FA}.Release|Any CPU.Build.0 = Release|Any CPU
	EndGlobalSection
	GlobalSection(SolutionProperties) = preSolution
		HideSolutionNode = FALSE
	EndGlobalSection
EndGlobal
